
Microsoft Visual Studio Solution File, Format Version 12.00
# Visual Studio 2017
Project("{FAE04EC0-301F-11D3-BF4B-00C04F79EFBC}") = "skolprojekt 2nd impact", "skolprojekt 2nd impact.csproj", "{61D51845-34EB-160C-E7FC-DCAA0CDA9134}"
EndProject
Global
	GlobalSection(SolutionConfigurationPlatforms) = preSolution
		Debug|Any CPU = Debug|Any CPU
		Release|Any CPU = Release|Any CPU
	EndGlobalSection
	GlobalSection(ProjectConfigurationPlatforms) = postSolution
		{61D51845-34EB-160C-E7FC-DCAA0CDA9134}.Debug|Any CPU.ActiveCfg = Debug|Any CPU
		{61D51845-34EB-160C-E7FC-DCAA0CDA9134}.Debug|Any CPU.Build.0 = Debug|Any CPU
		{61D51845-34EB-160C-E7FC-DCAA0CDA9134}.Release|Any CPU.ActiveCfg = Release|Any CPU
		{61D51845-34EB-160C-E7FC-DCAA0CDA9134}.Release|Any CPU.Build.0 = Release|Any CPU
	EndGlobalSection
	GlobalSection(SolutionProperties) = preSolution
		HideSolutionNode = FALSE
	EndGlobalSection
EndGlobal
